
Microsoft Visual Studio Solution File, Format Version 12.00
# Visual Studio Version 17
VisualStudioVersion = 17.0.31903.59
MinimumVisualStudioVersion = 10.0.40219.1
Project("{2150E333-8FDC-42A3-9474-1A3956D46DE8}") = "src", "src", "{827E0CD3-B72D-47B6-A68D-7590B98EB39B}"
EndProject
Project("{2150E333-8FDC-42A3-9474-1A3956D46DE8}") = "Hosts", "Hosts", "{C79C3622-AC92-5B3C-4F71-0BD0E7B3816F}"
EndProject
Project("{FAE04EC0-301F-11D3-BF4B-00C04F79EFBC}") = "Airport.Api", "src\Hosts\Airport.Api\Airport.Api.csproj", "{1C049090-C846-45EB-9F8E-29677135EE6E}"
EndProject
Project("{2150E333-8FDC-42A3-9474-1A3956D46DE8}") = "Features", "Features", "{E81CAA0A-8D6A-E3B6-28B3-AB416E1657A7}"
EndProject
Project("{2150E333-8FDC-42A3-9474-1A3956D46DE8}") = "Flights", "Flights", "{96BD6532-2D23-062B-7E31-BEAF176D7AD6}"
EndProject
Project("{2150E333-8FDC-42A3-9474-1A3956D46DE8}") = "Presentation", "Presentation", "{CD7516FD-E32F-F925-CA90-FBBA840962F0}"
EndProject
Project("{2150E333-8FDC-42A3-9474-1A3956D46DE8}") = "Api", "Api", "{2BBF47F9-A574-5058-A903-832021AC37C1}"
EndProject
Project("{FAE04EC0-301F-11D3-BF4B-00C04F79EFBC}") = "Airport.Features.Flights.Presentation.Api", "src\Features\Flights\Presentation\Api\Airport.Features.Flights.Presentation.Api.csproj", "{2CBAD9DC-F819-4C43-86F7-DBFC4AE05E72}"
EndProject
Project("{2150E333-8FDC-42A3-9474-1A3956D46DE8}") = "Application", "Application", "{AC84EF38-8B4F-35F1-1D8D-AD88887D56F9}"
EndProject
Project("{FAE04EC0-301F-11D3-BF4B-00C04F79EFBC}") = "Airport.Features.Flights.Application", "src\Features\Flights\Application\Airport.Features.Flights.Application.csproj", "{11E2EC88-FA69-407B-8F27-4FAFEDBD7C57}"
EndProject
Project("{2150E333-8FDC-42A3-9474-1A3956D46DE8}") = "Domain", "Domain", "{8858F1BB-629B-1C76-6617-9BA306BA2759}"
EndProject
Project("{FAE04EC0-301F-11D3-BF4B-00C04F79EFBC}") = "Airport.Features.Flights.Domain", "src\Features\Flights\Domain\Airport.Features.Flights.Domain.csproj", "{5D1509A8-CD15-4685-ABA2-A08C7D24C18E}"
EndProject
Project("{2150E333-8FDC-42A3-9474-1A3956D46DE8}") = "Infrastructure", "Infrastructure", "{6A214C75-1CC7-7C6E-02DA-2AFCE64FCBF1}"
EndProject
Project("{FAE04EC0-301F-11D3-BF4B-00C04F79EFBC}") = "Airport.Features.Flights.Infrastructure", "src\Features\Flights\Infrastructure\Airport.Features.Flights.Infrastructure.csproj", "{0E3C3951-CD1C-4500-BDE7-1F99B3437191}"
EndProject
Project("{FAE04EC0-301F-11D3-BF4B-00C04F79EFBC}") = "Airport.Web", "src\Hosts\Airport.Web\Airport.Web.csproj", "{A710F605-3297-481B-9AD0-16D16B421AE8}"
EndProject
Project("{2150E333-8FDC-42A3-9474-1A3956D46DE8}") = "Web", "Web", "{C9AD0317-95C1-2785-1C33-24A449A986D7}"
EndProject
Project("{FAE04EC0-301F-11D3-BF4B-00C04F79EFBC}") = "Airport.Features.Flights.Presentation.Web", "src\Features\Flights\Presentation\Web\Airport.Features.Flights.Presentation.Web.csproj", "{25190490-7A0D-4ED1-83DB-60A273E413BE}"
EndProject
Project("{2150E333-8FDC-42A3-9474-1A3956D46DE8}") = "tests", "tests", "{0AB3BF05-4346-4AA6-1389-037BE0695223}"
EndProject
Project("{FAE04EC0-301F-11D3-BF4B-00C04F79EFBC}") = "Airport.UnitTests", "tests\Airport.UnitTests\Airport.UnitTests.csproj", "{43991CD2-84C7-4D7C-9F8A-A5F9ED094066}"
EndProject
Project("{2150E333-8FDC-42A3-9474-1A3956D46DE8}") = "Auth", "Auth", "{3066D24A-061D-7C6F-4A66-CD08FAAE0D03}"
EndProject
Project("{2150E333-8FDC-42A3-9474-1A3956D46DE8}") = "Domain", "Domain", "{99AADD2B-2B78-7C81-9B74-9DB87D2C9697}"
EndProject
Project("{FAE04EC0-301F-11D3-BF4B-00C04F79EFBC}") = "Airport.Features.Auth.Domain", "src\Features\Auth\Domain\Airport.Features.Auth.Domain.csproj", "{E32CA395-D909-4AA1-BCA2-27B234F470FF}"
EndProject
Project("{2150E333-8FDC-42A3-9474-1A3956D46DE8}") = "Application", "Application", "{44378634-EAC1-5936-FA72-D4DB2BFEB35E}"
EndProject
Project("{FAE04EC0-301F-11D3-BF4B-00C04F79EFBC}") = "Airport.Features.Auth.Application", "src\Features\Auth\Application\Airport.Features.Auth.Application.csproj", "{8CAEFEEC-9B95-48B9-B803-F3ED7466A7A3}"
EndProject
Project("{2150E333-8FDC-42A3-9474-1A3956D46DE8}") = "Infrastructure", "Infrastructure", "{8DA18A57-2FA9-B146-6D84-AFDB09763D76}"
EndProject
Project("{FAE04EC0-301F-11D3-BF4B-00C04F79EFBC}") = "Airport.Features.Auth.Infrastructure", "src\Features\Auth\Infrastructure\Airport.Features.Auth.Infrastructure.csproj", "{2FBDE270-9B17-409A-94FB-F521EC71BC71}"
EndProject
Project("{2150E333-8FDC-42A3-9474-1A3956D46DE8}") = "Presentation", "Presentation", "{ACF36890-0BB3-2C94-A3BF-080A716F91A6}"
EndProject
Project("{2150E333-8FDC-42A3-9474-1A3956D46DE8}") = "Api", "Api", "{568C8950-BC60-0D6B-6818-08A2AEF43AEC}"
EndProject
Project("{FAE04EC0-301F-11D3-BF4B-00C04F79EFBC}") = "Airport.Features.Auth.Presentation.Api", "src\Features\Auth\Presentation\Api\Airport.Features.Auth.Presentation.Api.csproj", "{D80B0026-57E4-459D-9518-E50C3ADD0258}"
EndProject
Project("{2150E333-8FDC-42A3-9474-1A3956D46DE8}") = "Web", "Web", "{4470BFF2-D175-8A94-4409-2F08BEDA6FAF}"
EndProject
Project("{FAE04EC0-301F-11D3-BF4B-00C04F79EFBC}") = "Airport.Features.Auth.Presentation.Web", "src\Features\Auth\Presentation\Web\Airport.Features.Auth.Presentation.Web.csproj", "{1F74E684-495A-4C5A-A5BA-98A71FCD9C18}"
EndProject
Project("{FAE04EC0-301F-11D3-BF4B-00C04F79EFBC}") = "Airport.ArchitectureTests", "tests\Airport.ArchitectureTests\Airport.ArchitectureTests.csproj", "{AB3EF33D-34CD-48AA-8C2B-C442069E8104}"
EndProject
Global
	GlobalSection(SolutionConfigurationPlatforms) = preSolution
		Debug|Any CPU = Debug|Any CPU
		Debug|x64 = Debug|x64
		Debug|x86 = Debug|x86
		Release|Any CPU = Release|Any CPU
		Release|x64 = Release|x64
		Release|x86 = Release|x86
	EndGlobalSection
	GlobalSection(ProjectConfigurationPlatforms) = postSolution
		{1C049090-C846-45EB-9F8E-29677135EE6E}.Debug|Any CPU.ActiveCfg = Debug|Any CPU
		{1C049090-C846-45EB-9F8E-29677135EE6E}.Debug|Any CPU.Build.0 = Debug|Any CPU
		{1C049090-C846-45EB-9F8E-29677135EE6E}.Debug|x64.ActiveCfg = Debug|Any CPU
		{1C049090-C846-45EB-9F8E-29677135EE6E}.Debug|x64.Build.0 = Debug|Any CPU
		{1C049090-C846-45EB-9F8E-29677135EE6E}.Debug|x86.ActiveCfg = Debug|Any CPU
		{1C049090-C846-45EB-9F8E-29677135EE6E}.Debug|x86.Build.0 = Debug|Any CPU
		{1C049090-C846-45EB-9F8E-29677135EE6E}.Release|Any CPU.ActiveCfg = Release|Any CPU
		{1C049090-C846-45EB-9F8E-29677135EE6E}.Release|Any CPU.Build.0 = Release|Any CPU
		{1C049090-C846-45EB-9F8E-29677135EE6E}.Release|x64.ActiveCfg = Release|Any CPU
		{1C049090-C846-45EB-9F8E-29677135EE6E}.Release|x64.Build.0 = Release|Any CPU
		{1C049090-C846-45EB-9F8E-29677135EE6E}.Release|x86.ActiveCfg = Release|Any CPU
		{1C049090-C846-45EB-9F8E-29677135EE6E}.Release|x86.Build.0 = Release|Any CPU
		{2CBAD9DC-F819-4C43-86F7-DBFC4AE05E72}.Debug|Any CPU.ActiveCfg = Debug|Any CPU
		{2CBAD9DC-F819-4C43-86F7-DBFC4AE05E72}.Debug|Any CPU.Build.0 = Debug|Any CPU
		{2CBAD9DC-F819-4C43-86F7-DBFC4AE05E72}.Debug|x64.ActiveCfg = Debug|Any CPU
		{2CBAD9DC-F819-4C43-86F7-DBFC4AE05E72}.Debug|x64.Build.0 = Debug|Any CPU
		{2CBAD9DC-F819-4C43-86F7-DBFC4AE05E72}.Debug|x86.ActiveCfg = Debug|Any CPU
		{2CBAD9DC-F819-4C43-86F7-DBFC4AE05E72}.Debug|x86.Build.0 = Debug|Any CPU
		{2CBAD9DC-F819-4C43-86F7-DBFC4AE05E72}.Release|Any CPU.ActiveCfg = Release|Any CPU
		{2CBAD9DC-F819-4C43-86F7-DBFC4AE05E72}.Release|Any CPU.Build.0 = Release|Any CPU
		{2CBAD9DC-F819-4C43-86F7-DBFC4AE05E72}.Release|x64.ActiveCfg = Release|Any CPU
		{2CBAD9DC-F819-4C43-86F7-DBFC4AE05E72}.Release|x64.Build.0 = Release|Any CPU
		{2CBAD9DC-F819-4C43-86F7-DBFC4AE05E72}.Release|x86.ActiveCfg = Release|Any CPU
		{2CBAD9DC-F819-4C43-86F7-DBFC4AE05E72}.Release|x86.Build.0 = Release|Any CPU
		{11E2EC88-FA69-407B-8F27-4FAFEDBD7C57}.Debug|Any CPU.ActiveCfg = Debug|Any CPU
		{11E2EC88-FA69-407B-8F27-4FAFEDBD7C57}.Debug|Any CPU.Build.0 = Debug|Any CPU
		{11E2EC88-FA69-407B-8F27-4FAFEDBD7C57}.Debug|x64.ActiveCfg = Debug|Any CPU
		{11E2EC88-FA69-407B-8F27-4FAFEDBD7C57}.Debug|x64.Build.0 = Debug|Any CPU
		{11E2EC88-FA69-407B-8F27-4FAFEDBD7C57}.Debug|x86.ActiveCfg = Debug|Any CPU
		{11E2EC88-FA69-407B-8F27-4FAFEDBD7C57}.Debug|x86.Build.0 = Debug|Any CPU
		{11E2EC88-FA69-407B-8F27-4FAFEDBD7C57}.Release|Any CPU.ActiveCfg = Release|Any CPU
		{11E2EC88-FA69-407B-8F27-4FAFEDBD7C57}.Release|Any CPU.Build.0 = Release|Any CPU
		{11E2EC88-FA69-407B-8F27-4FAFEDBD7C57}.Release|x64.ActiveCfg = Release|Any CPU
		{11E2EC88-FA69-407B-8F27-4FAFEDBD7C57}.Release|x64.Build.0 = Release|Any CPU
		{11E2EC88-FA69-407B-8F27-4FAFEDBD7C57}.Release|x86.ActiveCfg = Release|Any CPU
		{11E2EC88-FA69-407B-8F27-4FAFEDBD7C57}.Release|x86.Build.0 = Release|Any CPU
		{5D1509A8-CD15-4685-ABA2-A08C7D24C18E}.Debug|Any CPU.ActiveCfg = Debug|Any CPU
		{5D1509A8-CD15-4685-ABA2-A08C7D24C18E}.Debug|Any CPU.Build.0 = Debug|Any CPU
		{5D1509A8-CD15-4685-ABA2-A08C7D24C18E}.Debug|x64.ActiveCfg = Debug|Any CPU
		{5D1509A8-CD15-4685-ABA2-A08C7D24C18E}.Debug|x64.Build.0 = Debug|Any CPU
		{5D1509A8-CD15-4685-ABA2-A08C7D24C18E}.Debug|x86.ActiveCfg = Debug|Any CPU
		{5D1509A8-CD15-4685-ABA2-A08C7D24C18E}.Debug|x86.Build.0 = Debug|Any CPU
		{5D1509A8-CD15-4685-ABA2-A08C7D24C18E}.Release|Any CPU.ActiveCfg = Release|Any CPU
		{5D1509A8-CD15-4685-ABA2-A08C7D24C18E}.Release|Any CPU.Build.0 = Release|Any CPU
		{5D1509A8-CD15-4685-ABA2-A08C7D24C18E}.Release|x64.ActiveCfg = Release|Any CPU
		{5D1509A8-CD15-4685-ABA2-A08C7D24C18E}.Release|x64.Build.0 = Release|Any CPU
		{5D1509A8-CD15-4685-ABA2-A08C7D24C18E}.Release|x86.ActiveCfg = Release|Any CPU
		{5D1509A8-CD15-4685-ABA2-A08C7D24C18E}.Release|x86.Build.0 = Release|Any CPU
		{0E3C3951-CD1C-4500-BDE7-1F99B3437191}.Debug|Any CPU.ActiveCfg = Debug|Any CPU
		{0E3C3951-CD1C-4500-BDE7-1F99B3437191}.Debug|Any CPU.Build.0 = Debug|Any CPU
		{0E3C3951-CD1C-4500-BDE7-1F99B3437191}.Debug|x64.ActiveCfg = Debug|Any CPU
		{0E3C3951-CD1C-4500-BDE7-1F99B3437191}.Debug|x64.Build.0 = Debug|Any CPU
		{0E3C3951-CD1C-4500-BDE7-1F99B3437191}.Debug|x86.ActiveCfg = Debug|Any CPU
		{0E3C3951-CD1C-4500-BDE7-1F99B3437191}.Debug|x86.Build.0 = Debug|Any CPU
		{0E3C3951-CD1C-4500-BDE7-1F99B3437191}.Release|Any CPU.ActiveCfg = Release|Any CPU
		{0E3C3951-CD1C-4500-BDE7-1F99B3437191}.Release|Any CPU.Build.0 = Release|Any CPU
		{0E3C3951-CD1C-4500-BDE7-1F99B3437191}.Release|x64.ActiveCfg = Release|Any CPU
		{0E3C3951-CD1C-4500-BDE7-1F99B3437191}.Release|x64.Build.0 = Release|Any CPU
		{0E3C3951-CD1C-4500-BDE7-1F99B3437191}.Release|x86.ActiveCfg = Release|Any CPU
		{0E3C3951-CD1C-4500-BDE7-1F99B3437191}.Release|x86.Build.0 = Release|Any CPU
		{A710F605-3297-481B-9AD0-16D16B421AE8}.Debug|Any CPU.ActiveCfg = Debug|Any CPU
		{A710F605-3297-481B-9AD0-16D16B421AE8}.Debug|Any CPU.Build.0 = Debug|Any CPU
		{A710F605-3297-481B-9AD0-16D16B421AE8}.Debug|x64.ActiveCfg = Debug|Any CPU
		{A710F605-3297-481B-9AD0-16D16B421AE8}.Debug|x64.Build.0 = Debug|Any CPU
		{A710F605-3297-481B-9AD0-16D16B421AE8}.Debug|x86.ActiveCfg = Debug|Any CPU
		{A710F605-3297-481B-9AD0-16D16B421AE8}.Debug|x86.Build.0 = Debug|Any CPU
		{A710F605-3297-481B-9AD0-16D16B421AE8}.Release|Any CPU.ActiveCfg = Release|Any CPU
		{A710F605-3297-481B-9AD0-16D16B421AE8}.Release|Any CPU.Build.0 = Release|Any CPU
		{A710F605-3297-481B-9AD0-16D16B421AE8}.Release|x64.ActiveCfg = Release|Any CPU
		{A710F605-3297-481B-9AD0-16D16B421AE8}.Release|x64.Build.0 = Release|Any CPU
		{A710F605-3297-481B-9AD0-16D16B421AE8}.Release|x86.ActiveCfg = Release|Any CPU
		{A710F605-3297-481B-9AD0-16D16B421AE8}.Release|x86.Build.0 = Release|Any CPU
		{25190490-7A0D-4ED1-83DB-60A273E413BE}.Debug|Any CPU.ActiveCfg = Debug|Any CPU
		{25190490-7A0D-4ED1-83DB-60A273E413BE}.Debug|Any CPU.Build.0 = Debug|Any CPU
		{25190490-7A0D-4ED1-83DB-60A273E413BE}.Debug|x64.ActiveCfg = Debug|Any CPU
		{25190490-7A0D-4ED1-83DB-60A273E413BE}.Debug|x64.Build.0 = Debug|Any CPU
		{25190490-7A0D-4ED1-83DB-60A273E413BE}.Debug|x86.ActiveCfg = Debug|Any CPU
		{25190490-7A0D-4ED1-83DB-60A273E413BE}.Debug|x86.Build.0 = Debug|Any CPU
		{25190490-7A0D-4ED1-83DB-60A273E413BE}.Release|Any CPU.ActiveCfg = Release|Any CPU
		{25190490-7A0D-4ED1-83DB-60A273E413BE}.Release|Any CPU.Build.0 = Release|Any CPU
		{25190490-7A0D-4ED1-83DB-60A273E413BE}.Release|x64.ActiveCfg = Release|Any CPU
		{25190490-7A0D-4ED1-83DB-60A273E413BE}.Release|x64.Build.0 = Release|Any CPU
		{25190490-7A0D-4ED1-83DB-60A273E413BE}.Release|x86.ActiveCfg = Release|Any CPU
		{25190490-7A0D-4ED1-83DB-60A273E413BE}.Release|x86.Build.0 = Release|Any CPU
		{43991CD2-84C7-4D7C-9F8A-A5F9ED094066}.Debug|Any CPU.ActiveCfg = Debug|Any CPU
		{43991CD2-84C7-4D7C-9F8A-A5F9ED094066}.Debug|Any CPU.Build.0 = Debug|Any CPU
		{43991CD2-84C7-4D7C-9F8A-A5F9ED094066}.Debug|x64.ActiveCfg = Debug|Any CPU
		{43991CD2-84C7-4D7C-9F8A-A5F9ED094066}.Debug|x64.Build.0 = Debug|Any CPU
		{43991CD2-84C7-4D7C-9F8A-A5F9ED094066}.Debug|x86.ActiveCfg = Debug|Any CPU
		{43991CD2-84C7-4D7C-9F8A-A5F9ED094066}.Debug|x86.Build.0 = Debug|Any CPU
		{43991CD2-84C7-4D7C-9F8A-A5F9ED094066}.Release|Any CPU.ActiveCfg = Release|Any CPU
		{43991CD2-84C7-4D7C-9F8A-A5F9ED094066}.Release|Any CPU.Build.0 = Release|Any CPU
		{43991CD2-84C7-4D7C-9F8A-A5F9ED094066}.Release|x64.ActiveCfg = Release|Any CPU
		{43991CD2-84C7-4D7C-9F8A-A5F9ED094066}.Release|x64.Build.0 = Release|Any CPU
		{43991CD2-84C7-4D7C-9F8A-A5F9ED094066}.Release|x86.ActiveCfg = Release|Any CPU
		{43991CD2-84C7-4D7C-9F8A-A5F9ED094066}.Release|x86.Build.0 = Release|Any CPU
		{E32CA395-D909-4AA1-BCA2-27B234F470FF}.Debug|Any CPU.ActiveCfg = Debug|Any CPU
		{E32CA395-D909-4AA1-BCA2-27B234F470FF}.Debug|Any CPU.Build.0 = Debug|Any CPU
		{E32CA395-D909-4AA1-BCA2-27B234F470FF}.Debug|x64.ActiveCfg = Debug|Any CPU
		{E32CA395-D909-4AA1-BCA2-27B234F470FF}.Debug|x64.Build.0 = Debug|Any CPU
		{E32CA395-D909-4AA1-BCA2-27B234F470FF}.Debug|x86.ActiveCfg = Debug|Any CPU
		{E32CA395-D909-4AA1-BCA2-27B234F470FF}.Debug|x86.Build.0 = Debug|Any CPU
		{E32CA395-D909-4AA1-BCA2-27B234F470FF}.Release|Any CPU.ActiveCfg = Release|Any CPU
		{E32CA395-D909-4AA1-BCA2-27B234F470FF}.Release|Any CPU.Build.0 = Release|Any CPU
		{E32CA395-D909-4AA1-BCA2-27B234F470FF}.Release|x64.ActiveCfg = Release|Any CPU
		{E32CA395-D909-4AA1-BCA2-27B234F470FF}.Release|x64.Build.0 = Release|Any CPU
		{E32CA395-D909-4AA1-BCA2-27B234F470FF}.Release|x86.ActiveCfg = Release|Any CPU
		{E32CA395-D909-4AA1-BCA2-27B234F470FF}.Release|x86.Build.0 = Release|Any CPU
		{8CAEFEEC-9B95-48B9-B803-F3ED7466A7A3}.Debug|Any CPU.ActiveCfg = Debug|Any CPU
		{8CAEFEEC-9B95-48B9-B803-F3ED7466A7A3}.Debug|Any CPU.Build.0 = Debug|Any CPU
		{8CAEFEEC-9B95-48B9-B803-F3ED7466A7A3}.Debug|x64.ActiveCfg = Debug|Any CPU
		{8CAEFEEC-9B95-48B9-B803-F3ED7466A7A3}.Debug|x64.Build.0 = Debug|Any CPU
		{8CAEFEEC-9B95-48B9-B803-F3ED7466A7A3}.Debug|x86.ActiveCfg = Debug|Any CPU
		{8CAEFEEC-9B95-48B9-B803-F3ED7466A7A3}.Debug|x86.Build.0 = Debug|Any CPU
		{8CAEFEEC-9B95-48B9-B803-F3ED7466A7A3}.Release|Any CPU.ActiveCfg = Release|Any CPU
		{8CAEFEEC-9B95-48B9-B803-F3ED7466A7A3}.Release|Any CPU.Build.0 = Release|Any CPU
		{8CAEFEEC-9B95-48B9-B803-F3ED7466A7A3}.Release|x64.ActiveCfg = Release|Any CPU
		{8CAEFEEC-9B95-48B9-B803-F3ED7466A7A3}.Release|x64.Build.0 = Release|Any CPU
		{8CAEFEEC-9B95-48B9-B803-F3ED7466A7A3}.Release|x86.ActiveCfg = Release|Any CPU
		{8CAEFEEC-9B95-48B9-B803-F3ED7466A7A3}.Release|x86.Build.0 = Release|Any CPU
		{2FBDE270-9B17-409A-94FB-F521EC71BC71}.Debug|Any CPU.ActiveCfg = Debug|Any CPU
		{2FBDE270-9B17-409A-94FB-F521EC71BC71}.Debug|Any CPU.Build.0 = Debug|Any CPU
		{2FBDE270-9B17-409A-94FB-F521EC71BC71}.Debug|x64.ActiveCfg = Debug|Any CPU
		{2FBDE270-9B17-409A-94FB-F521EC71BC71}.Debug|x64.Build.0 = Debug|Any CPU
		{2FBDE270-9B17-409A-94FB-F521EC71BC71}.Debug|x86.ActiveCfg = Debug|Any CPU
		{2FBDE270-9B17-409A-94FB-F521EC71BC71}.Debug|x86.Build.0 = Debug|Any CPU
		{2FBDE270-9B17-409A-94FB-F521EC71BC71}.Release|Any CPU.ActiveCfg = Release|Any CPU
		{2FBDE270-9B17-409A-94FB-F521EC71BC71}.Release|Any CPU.Build.0 = Release|Any CPU
		{2FBDE270-9B17-409A-94FB-F521EC71BC71}.Release|x64.ActiveCfg = Release|Any CPU
		{2FBDE270-9B17-409A-94FB-F521EC71BC71}.Release|x64.Build.0 = Release|Any CPU
		{2FBDE270-9B17-409A-94FB-F521EC71BC71}.Release|x86.ActiveCfg = Release|Any CPU
		{2FBDE270-9B17-409A-94FB-F521EC71BC71}.Release|x86.Build.0 = Release|Any CPU
		{D80B0026-57E4-459D-9518-E50C3ADD0258}.Debug|Any CPU.ActiveCfg = Debug|Any CPU
		{D80B0026-57E4-459D-9518-E50C3ADD0258}.Debug|Any CPU.Build.0 = Debug|Any CPU
		{D80B0026-57E4-459D-9518-E50C3ADD0258}.Debug|x64.ActiveCfg = Debug|Any CPU
		{D80B0026-57E4-459D-9518-E50C3ADD0258}.Debug|x64.Build.0 = Debug|Any CPU
		{D80B0026-57E4-459D-9518-E50C3ADD0258}.Debug|x86.ActiveCfg = Debug|Any CPU
		{D80B0026-57E4-459D-9518-E50C3ADD0258}.Debug|x86.Build.0 = Debug|Any CPU
		{D80B0026-57E4-459D-9518-E50C3ADD0258}.Release|Any CPU.ActiveCfg = Release|Any CPU
		{D80B0026-57E4-459D-9518-E50C3ADD0258}.Release|Any CPU.Build.0 = Release|Any CPU
		{D80B0026-57E4-459D-9518-E50C3ADD0258}.Release|x64.ActiveCfg = Release|Any CPU
		{D80B0026-57E4-459D-9518-E50C3ADD0258}.Release|x64.Build.0 = Release|Any CPU
		{D80B0026-57E4-459D-9518-E50C3ADD0258}.Release|x86.ActiveCfg = Release|Any CPU
		{D80B0026-57E4-459D-9518-E50C3ADD0258}.Release|x86.Build.0 = Release|Any CPU
		{1F74E684-495A-4C5A-A5BA-98A71FCD9C18}.Debug|Any CPU.ActiveCfg = Debug|Any CPU
		{1F74E684-495A-4C5A-A5BA-98A71FCD9C18}.Debug|Any CPU.Build.0 = Debug|Any CPU
		{1F74E684-495A-4C5A-A5BA-98A71FCD9C18}.Debug|x64.ActiveCfg = Debug|Any CPU
		{1F74E684-495A-4C5A-A5BA-98A71FCD9C18}.Debug|x64.Build.0 = Debug|Any CPU
		{1F74E684-495A-4C5A-A5BA-98A71FCD9C18}.Debug|x86.ActiveCfg = Debug|Any CPU
		{1F74E684-495A-4C5A-A5BA-98A71FCD9C18}.Debug|x86.Build.0 = Debug|Any CPU
		{1F74E684-495A-4C5A-A5BA-98A71FCD9C18}.Release|Any CPU.ActiveCfg = Release|Any CPU
		{1F74E684-495A-4C5A-A5BA-98A71FCD9C18}.Release|Any CPU.Build.0 = Release|Any CPU
		{1F74E684-495A-4C5A-A5BA-98A71FCD9C18}.Release|x64.ActiveCfg = Release|Any CPU
		{1F74E684-495A-4C5A-A5BA-98A71FCD9C18}.Release|x64.Build.0 = Release|Any CPU
		{1F74E684-495A-4C5A-A5BA-98A71FCD9C18}.Release|x86.ActiveCfg = Release|Any CPU
		{1F74E684-495A-4C5A-A5BA-98A71FCD9C18}.Release|x86.Build.0 = Release|Any CPU
		{AB3EF33D-34CD-48AA-8C2B-C442069E8104}.Debug|Any CPU.ActiveCfg = Debug|Any CPU
		{AB3EF33D-34CD-48AA-8C2B-C442069E8104}.Debug|Any CPU.Build.0 = Debug|Any CPU
		{AB3EF33D-34CD-48AA-8C2B-C442069E8104}.Debug|x64.ActiveCfg = Debug|Any CPU
		{AB3EF33D-34CD-48AA-8C2B-C442069E8104}.Debug|x64.Build.0 = Debug|Any CPU
		{AB3EF33D-34CD-48AA-8C2B-C442069E8104}.Debug|x86.ActiveCfg = Debug|Any CPU
		{AB3EF33D-34CD-48AA-8C2B-C442069E8104}.Debug|x86.Build.0 = Debug|Any CPU
		{AB3EF33D-34CD-48AA-8C2B-C442069E8104}.Release|Any CPU.ActiveCfg = Release|Any CPU
		{AB3EF33D-34CD-48AA-8C2B-C442069E8104}.Release|Any CPU.Build.0 = Release|Any CPU
		{AB3EF33D-34CD-48AA-8C2B-C442069E8104}.Release|x64.ActiveCfg = Release|Any CPU
		{AB3EF33D-34CD-48AA-8C2B-C442069E8104}.Release|x64.Build.0 = Release|Any CPU
		{AB3EF33D-34CD-48AA-8C2B-C442069E8104}.Release|x86.ActiveCfg = Release|Any CPU
		{AB3EF33D-34CD-48AA-8C2B-C442069E8104}.Release|x86.Build.0 = Release|Any CPU
	EndGlobalSection
	GlobalSection(SolutionProperties) = preSolution
		HideSolutionNode = FALSE
	EndGlobalSection
	GlobalSection(NestedProjects) = preSolution
		{C79C3622-AC92-5B3C-4F71-0BD0E7B3816F} = {827E0CD3-B72D-47B6-A68D-7590B98EB39B}
		{1C049090-C846-45EB-9F8E-29677135EE6E} = {C79C3622-AC92-5B3C-4F71-0BD0E7B3816F}
		{E81CAA0A-8D6A-E3B6-28B3-AB416E1657A7} = {827E0CD3-B72D-47B6-A68D-7590B98EB39B}
		{96BD6532-2D23-062B-7E31-BEAF176D7AD6} = {E81CAA0A-8D6A-E3B6-28B3-AB416E1657A7}
		{CD7516FD-E32F-F925-CA90-FBBA840962F0} = {96BD6532-2D23-062B-7E31-BEAF176D7AD6}
		{2BBF47F9-A574-5058-A903-832021AC37C1} = {CD7516FD-E32F-F925-CA90-FBBA840962F0}
		{2CBAD9DC-F819-4C43-86F7-DBFC4AE05E72} = {2BBF47F9-A574-5058-A903-832021AC37C1}
		{AC84EF38-8B4F-35F1-1D8D-AD88887D56F9} = {96BD6532-2D23-062B-7E31-BEAF176D7AD6}
		{11E2EC88-FA69-407B-8F27-4FAFEDBD7C57} = {AC84EF38-8B4F-35F1-1D8D-AD88887D56F9}
		{8858F1BB-629B-1C76-6617-9BA306BA2759} = {96BD6532-2D23-062B-7E31-BEAF176D7AD6}
		{5D1509A8-CD15-4685-ABA2-A08C7D24C18E} = {8858F1BB-629B-1C76-6617-9BA306BA2759}
		{6A214C75-1CC7-7C6E-02DA-2AFCE64FCBF1} = {96BD6532-2D23-062B-7E31-BEAF176D7AD6}
		{0E3C3951-CD1C-4500-BDE7-1F99B3437191} = {6A214C75-1CC7-7C6E-02DA-2AFCE64FCBF1}
		{A710F605-3297-481B-9AD0-16D16B421AE8} = {C79C3622-AC92-5B3C-4F71-0BD0E7B3816F}
		{C9AD0317-95C1-2785-1C33-24A449A986D7} = {CD7516FD-E32F-F925-CA90-FBBA840962F0}
		{25190490-7A0D-4ED1-83DB-60A273E413BE} = {C9AD0317-95C1-2785-1C33-24A449A986D7}
		{43991CD2-84C7-4D7C-9F8A-A5F9ED094066} = {0AB3BF05-4346-4AA6-1389-037BE0695223}
		{3066D24A-061D-7C6F-4A66-CD08FAAE0D03} = {E81CAA0A-8D6A-E3B6-28B3-AB416E1657A7}
		{99AADD2B-2B78-7C81-9B74-9DB87D2C9697} = {3066D24A-061D-7C6F-4A66-CD08FAAE0D03}
		{E32CA395-D909-4AA1-BCA2-27B234F470FF} = {99AADD2B-2B78-7C81-9B74-9DB87D2C9697}
		{44378634-EAC1-5936-FA72-D4DB2BFEB35E} = {3066D24A-061D-7C6F-4A66-CD08FAAE0D03}
		{8CAEFEEC-9B95-48B9-B803-F3ED7466A7A3} = {44378634-EAC1-5936-FA72-D4DB2BFEB35E}
		{8DA18A57-2FA9-B146-6D84-AFDB09763D76} = {3066D24A-061D-7C6F-4A66-CD08FAAE0D03}
		{2FBDE270-9B17-409A-94FB-F521EC71BC71} = {8DA18A57-2FA9-B146-6D84-AFDB09763D76}
		{ACF36890-0BB3-2C94-A3BF-080A716F91A6} = {3066D24A-061D-7C6F-4A66-CD08FAAE0D03}
		{568C8950-BC60-0D6B-6818-08A2AEF43AEC} = {ACF36890-0BB3-2C94-A3BF-080A716F91A6}
		{D80B0026-57E4-459D-9518-E50C3ADD0258} = {568C8950-BC60-0D6B-6818-08A2AEF43AEC}
		{4470BFF2-D175-8A94-4409-2F08BEDA6FAF} = {ACF36890-0BB3-2C94-A3BF-080A716F91A6}
		{1F74E684-495A-4C5A-A5BA-98A71FCD9C18} = {4470BFF2-D175-8A94-4409-2F08BEDA6FAF}
		{AB3EF33D-34CD-48AA-8C2B-C442069E8104} = {0AB3BF05-4346-4AA6-1389-037BE0695223}
	EndGlobalSection
EndGlobal
